
Microsoft Visual Studio Solution File, Format Version 12.00
# Visual Studio Version 17
VisualStudioVersion = 17.9.34728.123
MinimumVisualStudioVersion = 10.0.40219.1
Project("{FAE04EC0-301F-11D3-BF4B-00C04F79EFBC}") = "Personal Budgeting Web App", "Personal Budgeting Web App.csproj", "{A79EDCDD-7E97-4F32-A79B-815FF89A865D}"
EndProject
Global
	GlobalSection(SolutionConfigurationPlatforms) = preSolution
		Debug|Any CPU = Debug|Any CPU
		Release|Any CPU = Release|Any CPU
	EndGlobalSection
	GlobalSection(ProjectConfigurationPlatforms) = postSolution
		{A79EDCDD-7E97-4F32-A79B-815FF89A865D}.Debug|Any CPU.ActiveCfg = Debug|Any CPU
		{A79EDCDD-7E97-4F32-A79B-815FF89A865D}.Debug|Any CPU.Build.0 = Debug|Any CPU
		{A79EDCDD-7E97-4F32-A79B-815FF89A865D}.Release|Any CPU.ActiveCfg = Release|Any CPU
		{A79EDCDD-7E97-4F32-A79B-815FF89A865D}.Release|Any CPU.Build.0 = Release|Any CPU
	EndGlobalSection
	GlobalSection(SolutionProperties) = preSolution
		HideSolutionNode = FALSE
	EndGlobalSection
	GlobalSection(ExtensibilityGlobals) = postSolution
		SolutionGuid = {F6648320-4EC8-4044-BACB-252FD4AE99E1}
	EndGlobalSection
EndGlobal
